// !$*UTF8*$!
{
	archiveVersion = 1;
	classes = {
	};
	objectVersion = 46;
	objects = {

/* Begin PBXBuildFile section */
		811655341A28279200CB369B /* main.cpp in Sources */ = {isa = PBXBuildFile; fileRef = 811655331A28279200CB369B /* main.cpp */; };
		8116553C1A2827C900CB369B /* Pila.cpp in Sources */ = {isa = PBXBuildFile; fileRef = 8116553A1A2827C900CB369B /* Pila.cpp */; };
/* End PBXBuildFile section */

/* Begin PBXCopyFilesBuildPhase section */
		8116552E1A28279200CB369B /* CopyFiles */ = {
			isa = PBXCopyFilesBuildPhase;
			buildActionMask = 2147483647;
			dstPath = /usr/share/man/man1/;
			dstSubfolderSpec = 0;
			files = (
			);
			runOnlyForDeploymentPostprocessing = 1;
		};
/* End PBXCopyFilesBuildPhase section */

/* Begin PBXFileReference section */
		811655301A28279200CB369B /* Pila */ = {isa = PBXFileReference; explicitFileType = "compiled.mach-o.executable"; includeInIndex = 0; path = Pila; sourceTree = BUILT_PRODUCTS_DIR; };
		811655331A28279200CB369B /* main.cpp */ = {isa = PBXFileReference; lastKnownFileType = sourcecode.cpp.cpp; path = main.cpp; sourceTree = "<group>"; };
		8116553A1A2827C900CB369B /* Pila.cpp */ = {isa = PBXFileReference; fileEncoding = 4; lastKnownFileType = sourcecode.cpp.cpp; path = Pila.cpp; sourceTree = "<group>"; };
		8116553B1A2827C900CB369B /* Pila.h */ = {isa = PBXFileReference; fileEncoding = 4; lastKnownFileType = sourcecode.c.h; path = Pila.h; sourceTree = "<group>"; };
/* End PBXFileReference section */

/* Begin PBXFrameworksBuildPhase section */
		8116552D1A28279200CB369B /* Frameworks */ = {
			isa = PBXFrameworksBuildPhase;
			buildActionMask = 2147483647;
			files = (
			);
			runOnlyForDeploymentPostprocessing = 0;
		};
/* End PBXFrameworksBuildPhase section */

/* Begin PBXGroup section */
		811655271A28279200CB369B = {
			isa = PBXGroup;
			children = (
				811655321A28279200CB369B /* Pila */,
				811655311A28279200CB369B /* Products */,
			);
			sourceTree = "<group>";
		};
		811655311A28279200CB369B /* Products */ = {
			isa = PBXGroup;
			children = (
				811655301A28279200CB369B /* Pila */,
			);
			name = Products;
			sourceTree = "<group>";
		};
		811655321A28279200CB369B /* Pila */ = {
			isa = PBXGroup;
			children = (
				811655331A28279200CB369B /* main.cpp */,
				8116553A1A2827C900CB369B /* Pila.cpp */,
				8116553B1A2827C900CB369B /* Pila.h */,
			);
			path = Pila;
			sourceTree = "<group>";
		};
/* End PBXGroup section */

/* Begin PBXNativeTarget section */
		8116552F1A28279200CB369B /* Pila */ = {
			isa = PBXNativeTarget;
			buildConfigurationList = 811655371A28279200CB369B /* Build configuration list for PBXNativeTarget "Pila" */;
			buildPhases = (
				8116552C1A28279200CB369B /* Sources */,
				8116552D1A28279200CB369B /* Frameworks */,
				8116552E1A28279200CB369B /* CopyFiles */,
			);
			buildRules = (
			);
			dependencies = (
			);
			name = Pila;
			productName = Pila;
			productReference = 811655301A28279200CB369B /* Pila */;
			productType = "com.apple.product-type.tool";
		};
/* End PBXNativeTarget section */

/* Begin PBXProject section */
		811655281A28279200CB369B /* Project object */ = {
			isa = PBXProject;
			attributes = {
				LastUpgradeCheck = 0610;
				ORGANIZATIONNAME = "Vicente Cubells Nonell";
				TargetAttributes = {
					8116552F1A28279200CB369B = {
						CreatedOnToolsVersion = 6.1;
					};
				};
			};
			buildConfigurationList = 8116552B1A28279200CB369B /* Build configuration list for PBXProject "Pila" */;
			compatibilityVersion = "Xcode 3.2";
			developmentRegion = English;
			hasScannedForEncodings = 0;
			knownRegions = (
				en,
			);
			mainGroup = 811655271A28279200CB369B;
			productRefGroup = 811655311A28279200CB369B /* Products */;
			projectDirPath = "";
			projectRoot = "";
			targets = (
				8116552F1A28279200CB369B /* Pila */,
			);
		};
/* End PBXProject section */

/* Begin PBXSourcesBuildPhase section */
		8116552C1A28279200CB369B /* Sources */ = {
			isa = PBXSourcesBuildPhase;
			buildActionMask = 2147483647;
			files = (
				811655341A28279200CB369B /* main.cpp in Sources */,
				8116553C1A2827C900CB369B /* Pila.cpp in Sources */,
			);
			runOnlyForDeploymentPostprocessing = 0;
		};
/* End PBXSourcesBuildPhase section */

/* Begin XCBuildConfiguration section */
		811655351A28279200CB369B /* Debug */ = {
			isa = XCBuildConfiguration;
			buildSettings = {
				ALWAYS_SEARCH_USER_PATHS = NO;
				CLANG_CXX_LANGUAGE_STANDARD = "gnu++0x";
				CLANG_CXX_LIBRARY = "libc++";
				CLANG_ENABLE_MODULES = YES;
				CLANG_ENABLE_OBJC_ARC = YES;
				CLANG_WARN_BOOL_CONVERSION = YES;
				CLANG_WARN_CONSTANT_CONVERSION = YES;
				CLANG_WARN_DIRECT_OBJC_ISA_USAGE = YES_ERROR;
				CLANG_WARN_EMPTY_BODY = YES;
				CLANG_WARN_ENUM_CONVERSION = YES;
				CLANG_WARN_INT_CONVERSION = YES;
				CLANG_WARN_OBJC_ROOT_CLASS = YES_ERROR;
				CLANG_WARN_UNREACHABLE_CODE = YES;
				CLANG_WARN__DUPLICATE_METHOD_MATCH = YES;
				COPY_PHASE_STRIP = NO;
				ENABLE_STRICT_OBJC_MSGSEND = YES;
				GCC_C_LANGUAGE_STANDARD = gnu99;
				GCC_DYNAMIC_NO_PIC = NO;
				GCC_OPTIMIZATION_LEVEL = 0;
				GCC_PREPROCESSOR_DEFINITIONS = (
					"DEBUG=1",
					"$(inherited)",
				);
				GCC_SYMBOLS_PRIVATE_EXTERN = NO;
				GCC_WARN_64_TO_32_BIT_CONVERSION = YES;
				GCC_WARN_ABOUT_RETURN_TYPE = YES_ERROR;
				GCC_WARN_UNDECLARED_SELECTOR = YES;
				GCC_WARN_UNINITIALIZED_AUTOS = YES_AGGRESSIVE;
				GCC_WARN_UNUSED_FUNCTION = YES;
				GCC_WARN_UNUSED_VARIABLE = YES;
				MACOSX_DEPLOYMENT_TARGET = 10.10;
				MTL_ENABLE_DEBUG_INFO = YES;
				ONLY_ACTIVE_ARCH = YES;
				SDKROOT = macosx;
			};
			name = Debug;
		};
		811655361A28279200CB369B /* Release */ = {
			isa = XCBuildConfiguration;
			buildSettings = {
				ALWAYS_SEARCH_USER_PATHS = NO;
				CLANG_CXX_LANGUAGE_STANDARD = "gnu++0x";
				CLANG_CXX_LIBRARY = "libc++";
				CLANG_ENABLE_MODULES = YES;
				CLANG_ENABLE_OBJC_ARC = YES;
				CLANG_WARN_BOOL_CONVERSION = YES;
				CLANG_WARN_CONSTANT_CONVERSION = YES;
				CLANG_WARN_DIRECT_OBJC_ISA_USAGE = YES_ERROR;
				CLANG_WARN_EMPTY_BODY = YES;
				CLANG_WARN_ENUM_CONVERSION = YES;
				CLANG_WARN_INT_CONVERSION = YES;
				CLANG_WARN_OBJC_ROOT_CLASS = YES_ERROR;
				CLANG_WARN_UNREACHABLE_CODE = YES;
				CLANG_WARN__DUPLICATE_METHOD_MATCH = YES;
				COPY_PHASE_STRIP = YES;
				DEBUG_INFORMATION_FORMAT = "dwarf-with-dsym";
				ENABLE_NS_ASSERTIONS = NO;
				ENABLE_STRICT_OBJC_MSGSEND = YES;
				GCC_C_LANGUAGE_STANDARD = gnu99;
				GCC_WARN_64_TO_32_BIT_CONVERSION = YES;
				GCC_WARN_ABOUT_RETURN_TYPE = YES_ERROR;
				GCC_WARN_UNDECLARED_SELECTOR = YES;
				GCC_WARN_UNINITIALIZED_AUTOS = YES_AGGRESSIVE;
				GCC_WARN_UNUSED_FUNCTION = YES;
				GCC_WARN_UNUSED_VARIABLE = YES;
				MACOSX_DEPLOYMENT_TARGET = 10.10;
				MTL_ENABLE_DEBUG_INFO = NO;
				SDKROOT = macosx;
			};
			name = Release;
		};
		811655381A28279200CB369B /* Debug */ = {
			isa = XCBuildConfiguration;
			buildSettings = {
				PRODUCT_NAME = "$(TARGET_NAME)";
			};
			name = Debug;
		};
		811655391A28279200CB369B /* Release */ = {
			isa = XCBuildConfiguration;
			buildSettings = {
				PRODUCT_NAME = "$(TARGET_NAME)";
			};
			name = Release;
		};
/* End XCBuildConfiguration section */

/* Begin XCConfigurationList section */
		8116552B1A28279200CB369B /* Build configuration list for PBXProject "Pila" */ = {
			isa = XCConfigurationList;
			buildConfigurations = (
				811655351A28279200CB369B /* Debug */,
				811655361A28279200CB369B /* Release */,
			);
			defaultConfigurationIsVisible = 0;
			defaultConfigurationName = Release;
		};
		811655371A28279200CB369B /* Build configuration list for PBXNativeTarget "Pila" */ = {
			isa = XCConfigurationList;
			buildConfigurations = (
				811655381A28279200CB369B /* Debug */,
				811655391A28279200CB369B /* Release */,
			);
			defaultConfigurationIsVisible = 0;
		};
/* End XCConfigurationList section */
	};
	rootObject = 811655281A28279200CB369B /* Project object */;
}
