// !$*UTF8*$!
{
	archiveVersion = 1;
	classes = {
	};
	objectVersion = 46;
	objects = {

/* Begin PBXBuildFile section */
		8181075C1A0C781B0046EADE /* main.cpp in Sources */ = {isa = PBXBuildFile; fileRef = 8181075B1A0C781B0046EADE /* main.cpp */; };
		818107641A0C783B0046EADE /* Ordenamiento.cpp in Sources */ = {isa = PBXBuildFile; fileRef = 818107621A0C783B0046EADE /* Ordenamiento.cpp */; };
		818107671A0C7E5A0046EADE /* Libro.cpp in Sources */ = {isa = PBXBuildFile; fileRef = 818107651A0C7E5A0046EADE /* Libro.cpp */; };
/* End PBXBuildFile section */

/* Begin PBXCopyFilesBuildPhase section */
		818107561A0C781B0046EADE /* CopyFiles */ = {
			isa = PBXCopyFilesBuildPhase;
			buildActionMask = 2147483647;
			dstPath = /usr/share/man/man1/;
			dstSubfolderSpec = 0;
			files = (
			);
			runOnlyForDeploymentPostprocessing = 1;
		};
/* End PBXCopyFilesBuildPhase section */

/* Begin PBXFileReference section */
		818107581A0C781B0046EADE /* OrdenamientoGenerico */ = {isa = PBXFileReference; explicitFileType = "compiled.mach-o.executable"; includeInIndex = 0; path = OrdenamientoGenerico; sourceTree = BUILT_PRODUCTS_DIR; };
		8181075B1A0C781B0046EADE /* main.cpp */ = {isa = PBXFileReference; lastKnownFileType = sourcecode.cpp.cpp; path = main.cpp; sourceTree = "<group>"; };
		818107621A0C783B0046EADE /* Ordenamiento.cpp */ = {isa = PBXFileReference; fileEncoding = 4; lastKnownFileType = sourcecode.cpp.cpp; path = Ordenamiento.cpp; sourceTree = "<group>"; };
		818107631A0C783B0046EADE /* Ordenamiento.h */ = {isa = PBXFileReference; fileEncoding = 4; lastKnownFileType = sourcecode.c.h; path = Ordenamiento.h; sourceTree = "<group>"; };
		818107651A0C7E5A0046EADE /* Libro.cpp */ = {isa = PBXFileReference; fileEncoding = 4; lastKnownFileType = sourcecode.cpp.cpp; path = Libro.cpp; sourceTree = "<group>"; };
		818107661A0C7E5A0046EADE /* Libro.h */ = {isa = PBXFileReference; fileEncoding = 4; lastKnownFileType = sourcecode.c.h; path = Libro.h; sourceTree = "<group>"; };
/* End PBXFileReference section */

/* Begin PBXFrameworksBuildPhase section */
		818107551A0C781B0046EADE /* Frameworks */ = {
			isa = PBXFrameworksBuildPhase;
			buildActionMask = 2147483647;
			files = (
			);
			runOnlyForDeploymentPostprocessing = 0;
		};
/* End PBXFrameworksBuildPhase section */

/* Begin PBXGroup section */
		8181074F1A0C781B0046EADE = {
			isa = PBXGroup;
			children = (
				8181075A1A0C781B0046EADE /* OrdenamientoGenerico */,
				818107591A0C781B0046EADE /* Products */,
			);
			sourceTree = "<group>";
		};
		818107591A0C781B0046EADE /* Products */ = {
			isa = PBXGroup;
			children = (
				818107581A0C781B0046EADE /* OrdenamientoGenerico */,
			);
			name = Products;
			sourceTree = "<group>";
		};
		8181075A1A0C781B0046EADE /* OrdenamientoGenerico */ = {
			isa = PBXGroup;
			children = (
				8181075B1A0C781B0046EADE /* main.cpp */,
				818107621A0C783B0046EADE /* Ordenamiento.cpp */,
				818107631A0C783B0046EADE /* Ordenamiento.h */,
				818107651A0C7E5A0046EADE /* Libro.cpp */,
				818107661A0C7E5A0046EADE /* Libro.h */,
			);
			path = OrdenamientoGenerico;
			sourceTree = "<group>";
		};
/* End PBXGroup section */

/* Begin PBXNativeTarget section */
		818107571A0C781B0046EADE /* OrdenamientoGenerico */ = {
			isa = PBXNativeTarget;
			buildConfigurationList = 8181075F1A0C781B0046EADE /* Build configuration list for PBXNativeTarget "OrdenamientoGenerico" */;
			buildPhases = (
				818107541A0C781B0046EADE /* Sources */,
				818107551A0C781B0046EADE /* Frameworks */,
				818107561A0C781B0046EADE /* CopyFiles */,
			);
			buildRules = (
			);
			dependencies = (
			);
			name = OrdenamientoGenerico;
			productName = OrdenamientoGenerico;
			productReference = 818107581A0C781B0046EADE /* OrdenamientoGenerico */;
			productType = "com.apple.product-type.tool";
		};
/* End PBXNativeTarget section */

/* Begin PBXProject section */
		818107501A0C781B0046EADE /* Project object */ = {
			isa = PBXProject;
			attributes = {
				LastUpgradeCheck = 0610;
				ORGANIZATIONNAME = "Vicente Cubells Nonell";
				TargetAttributes = {
					818107571A0C781B0046EADE = {
						CreatedOnToolsVersion = 6.1;
					};
				};
			};
			buildConfigurationList = 818107531A0C781B0046EADE /* Build configuration list for PBXProject "OrdenamientoGenerico" */;
			compatibilityVersion = "Xcode 3.2";
			developmentRegion = English;
			hasScannedForEncodings = 0;
			knownRegions = (
				en,
			);
			mainGroup = 8181074F1A0C781B0046EADE;
			productRefGroup = 818107591A0C781B0046EADE /* Products */;
			projectDirPath = "";
			projectRoot = "";
			targets = (
				818107571A0C781B0046EADE /* OrdenamientoGenerico */,
			);
		};
/* End PBXProject section */

/* Begin PBXSourcesBuildPhase section */
		818107541A0C781B0046EADE /* Sources */ = {
			isa = PBXSourcesBuildPhase;
			buildActionMask = 2147483647;
			files = (
				818107671A0C7E5A0046EADE /* Libro.cpp in Sources */,
				818107641A0C783B0046EADE /* Ordenamiento.cpp in Sources */,
				8181075C1A0C781B0046EADE /* main.cpp in Sources */,
			);
			runOnlyForDeploymentPostprocessing = 0;
		};
/* End PBXSourcesBuildPhase section */

/* Begin XCBuildConfiguration section */
		8181075D1A0C781B0046EADE /* Debug */ = {
			isa = XCBuildConfiguration;
			buildSettings = {
				ALWAYS_SEARCH_USER_PATHS = NO;
				CLANG_CXX_LANGUAGE_STANDARD = "gnu++0x";
				CLANG_CXX_LIBRARY = "libc++";
				CLANG_ENABLE_MODULES = YES;
				CLANG_ENABLE_OBJC_ARC = YES;
				CLANG_WARN_BOOL_CONVERSION = YES;
				CLANG_WARN_CONSTANT_CONVERSION = YES;
				CLANG_WARN_DIRECT_OBJC_ISA_USAGE = YES_ERROR;
				CLANG_WARN_EMPTY_BODY = YES;
				CLANG_WARN_ENUM_CONVERSION = YES;
				CLANG_WARN_INT_CONVERSION = YES;
				CLANG_WARN_OBJC_ROOT_CLASS = YES_ERROR;
				CLANG_WARN_UNREACHABLE_CODE = YES;
				CLANG_WARN__DUPLICATE_METHOD_MATCH = YES;
				COPY_PHASE_STRIP = NO;
				ENABLE_STRICT_OBJC_MSGSEND = YES;
				GCC_C_LANGUAGE_STANDARD = gnu99;
				GCC_DYNAMIC_NO_PIC = NO;
				GCC_OPTIMIZATION_LEVEL = 0;
				GCC_PREPROCESSOR_DEFINITIONS = (
					"DEBUG=1",
					"$(inherited)",
				);
				GCC_SYMBOLS_PRIVATE_EXTERN = NO;
				GCC_WARN_64_TO_32_BIT_CONVERSION = YES;
				GCC_WARN_ABOUT_RETURN_TYPE = YES_ERROR;
				GCC_WARN_UNDECLARED_SELECTOR = YES;
				GCC_WARN_UNINITIALIZED_AUTOS = YES_AGGRESSIVE;
				GCC_WARN_UNUSED_FUNCTION = YES;
				GCC_WARN_UNUSED_VARIABLE = YES;
				MACOSX_DEPLOYMENT_TARGET = 10.10;
				MTL_ENABLE_DEBUG_INFO = YES;
				ONLY_ACTIVE_ARCH = YES;
				SDKROOT = macosx;
			};
			name = Debug;
		};
		8181075E1A0C781B0046EADE /* Release */ = {
			isa = XCBuildConfiguration;
			buildSettings = {
				ALWAYS_SEARCH_USER_PATHS = NO;
				CLANG_CXX_LANGUAGE_STANDARD = "gnu++0x";
				CLANG_CXX_LIBRARY = "libc++";
				CLANG_ENABLE_MODULES = YES;
				CLANG_ENABLE_OBJC_ARC = YES;
				CLANG_WARN_BOOL_CONVERSION = YES;
				CLANG_WARN_CONSTANT_CONVERSION = YES;
				CLANG_WARN_DIRECT_OBJC_ISA_USAGE = YES_ERROR;
				CLANG_WARN_EMPTY_BODY = YES;
				CLANG_WARN_ENUM_CONVERSION = YES;
				CLANG_WARN_INT_CONVERSION = YES;
				CLANG_WARN_OBJC_ROOT_CLASS = YES_ERROR;
				CLANG_WARN_UNREACHABLE_CODE = YES;
				CLANG_WARN__DUPLICATE_METHOD_MATCH = YES;
				COPY_PHASE_STRIP = YES;
				DEBUG_INFORMATION_FORMAT = "dwarf-with-dsym";
				ENABLE_NS_ASSERTIONS = NO;
				ENABLE_STRICT_OBJC_MSGSEND = YES;
				GCC_C_LANGUAGE_STANDARD = gnu99;
				GCC_WARN_64_TO_32_BIT_CONVERSION = YES;
				GCC_WARN_ABOUT_RETURN_TYPE = YES_ERROR;
				GCC_WARN_UNDECLARED_SELECTOR = YES;
				GCC_WARN_UNINITIALIZED_AUTOS = YES_AGGRESSIVE;
				GCC_WARN_UNUSED_FUNCTION = YES;
				GCC_WARN_UNUSED_VARIABLE = YES;
				MACOSX_DEPLOYMENT_TARGET = 10.10;
				MTL_ENABLE_DEBUG_INFO = NO;
				SDKROOT = macosx;
			};
			name = Release;
		};
		818107601A0C781B0046EADE /* Debug */ = {
			isa = XCBuildConfiguration;
			buildSettings = {
				PRODUCT_NAME = "$(TARGET_NAME)";
			};
			name = Debug;
		};
		818107611A0C781B0046EADE /* Release */ = {
			isa = XCBuildConfiguration;
			buildSettings = {
				PRODUCT_NAME = "$(TARGET_NAME)";
			};
			name = Release;
		};
/* End XCBuildConfiguration section */

/* Begin XCConfigurationList section */
		818107531A0C781B0046EADE /* Build configuration list for PBXProject "OrdenamientoGenerico" */ = {
			isa = XCConfigurationList;
			buildConfigurations = (
				8181075D1A0C781B0046EADE /* Debug */,
				8181075E1A0C781B0046EADE /* Release */,
			);
			defaultConfigurationIsVisible = 0;
			defaultConfigurationName = Release;
		};
		8181075F1A0C781B0046EADE /* Build configuration list for PBXNativeTarget "OrdenamientoGenerico" */ = {
			isa = XCConfigurationList;
			buildConfigurations = (
				818107601A0C781B0046EADE /* Debug */,
				818107611A0C781B0046EADE /* Release */,
			);
			defaultConfigurationIsVisible = 0;
		};
/* End XCConfigurationList section */
	};
	rootObject = 818107501A0C781B0046EADE /* Project object */;
}
